
Microsoft Visual Studio Solution File, Format Version 12.00
# Visual Studio 15
VisualStudioVersion = 15.0.28010.2003
MinimumVisualStudioVersion = 10.0.40219.1
Project("{FAE04EC0-301F-11D3-BF4B-00C04F79EFBC}") = "SimpleBlog", "SimpleBlog\SimpleBlog.csproj", "{1B46B3A4-B99F-41C4-BBD6-C940273B3D5A}"
EndProject
Global
	GlobalSection(SolutionConfigurationPlatforms) = preSolution
		Debug|Any CPU = Debug|Any CPU
		Release|Any CPU = Release|Any CPU
	EndGlobalSection
	GlobalSection(ProjectConfigurationPlatforms) = postSolution
		{1B46B3A4-B99F-41C4-BBD6-C940273B3D5A}.Debug|Any CPU.ActiveCfg = Debug|Any CPU
		{1B46B3A4-B99F-41C4-BBD6-C940273B3D5A}.Debug|Any CPU.Build.0 = Debug|Any CPU
		{1B46B3A4-B99F-41C4-BBD6-C940273B3D5A}.Release|Any CPU.ActiveCfg = Release|Any CPU
		{1B46B3A4-B99F-41C4-BBD6-C940273B3D5A}.Release|Any CPU.Build.0 = Release|Any CPU
	EndGlobalSection
	GlobalSection(SolutionProperties) = preSolution
		HideSolutionNode = FALSE
	EndGlobalSection
	GlobalSection(ExtensibilityGlobals) = postSolution
		SolutionGuid = {6248D6CA-84A2-44BF-95DC-589D12F56AB9}
	EndGlobalSection
EndGlobal
